
Microsoft Visual Studio Solution File, Format Version 12.00
# Visual Studio Version 17
VisualStudioVersion = 17.5.002.0
MinimumVisualStudioVersion = 10.0.40219.1
Project("{9A19103F-16F7-4668-BE54-9A1E7A4F7556}") = "politi-case-backend", "politi-case-backend.csproj", "{BDB63A44-97CD-4CAE-931F-4365301FEA6A}"
EndProject
Project("{FAE04EC0-301F-11D3-BF4B-00C04F79EFBC}") = "DataLayer", "..\DataLayer\DataLayer.csproj", "{FABD05AE-9B18-4F85-B743-12C105D80CC1}"
EndProject
Project("{FAE04EC0-301F-11D3-BF4B-00C04F79EFBC}") = "Domain", "..\Domain\Domain.csproj", "{58B7CBF7-3F51-42EC-AF90-F4E539EDC611}"
EndProject
Global
	GlobalSection(SolutionConfigurationPlatforms) = preSolution
		Debug|Any CPU = Debug|Any CPU
		Release|Any CPU = Release|Any CPU
	EndGlobalSection
	GlobalSection(ProjectConfigurationPlatforms) = postSolution
		{BDB63A44-97CD-4CAE-931F-4365301FEA6A}.Debug|Any CPU.ActiveCfg = Debug|Any CPU
		{BDB63A44-97CD-4CAE-931F-4365301FEA6A}.Debug|Any CPU.Build.0 = Debug|Any CPU
		{BDB63A44-97CD-4CAE-931F-4365301FEA6A}.Release|Any CPU.ActiveCfg = Release|Any CPU
		{BDB63A44-97CD-4CAE-931F-4365301FEA6A}.Release|Any CPU.Build.0 = Release|Any CPU
		{FABD05AE-9B18-4F85-B743-12C105D80CC1}.Debug|Any CPU.ActiveCfg = Debug|Any CPU
		{FABD05AE-9B18-4F85-B743-12C105D80CC1}.Debug|Any CPU.Build.0 = Debug|Any CPU
		{FABD05AE-9B18-4F85-B743-12C105D80CC1}.Release|Any CPU.ActiveCfg = Release|Any CPU
		{FABD05AE-9B18-4F85-B743-12C105D80CC1}.Release|Any CPU.Build.0 = Release|Any CPU
		{58B7CBF7-3F51-42EC-AF90-F4E539EDC611}.Debug|Any CPU.ActiveCfg = Debug|Any CPU
		{58B7CBF7-3F51-42EC-AF90-F4E539EDC611}.Debug|Any CPU.Build.0 = Debug|Any CPU
		{58B7CBF7-3F51-42EC-AF90-F4E539EDC611}.Release|Any CPU.ActiveCfg = Release|Any CPU
		{58B7CBF7-3F51-42EC-AF90-F4E539EDC611}.Release|Any CPU.Build.0 = Release|Any CPU
	EndGlobalSection
	GlobalSection(SolutionProperties) = preSolution
		HideSolutionNode = FALSE
	EndGlobalSection
	GlobalSection(ExtensibilityGlobals) = postSolution
		SolutionGuid = {5D33F466-D1A2-4723-9ADE-ECFE0DF625EF}
	EndGlobalSection
EndGlobal
